
Microsoft Visual Studio Solution File, Format Version 12.00
# Visual Studio Version 17
VisualStudioVersion = 17.14.36717.8 d17.14
MinimumVisualStudioVersion = 10.0.40219.1
Project("{FAE04EC0-301F-11D3-BF4B-00C04F79EFBC}") = "6-dars", "6-dars.csproj", "{943D3DEE-9E44-41AE-866C-0808691B5066}"
EndProject
Global
	GlobalSection(SolutionConfigurationPlatforms) = preSolution
		Debug|Any CPU = Debug|Any CPU
		Release|Any CPU = Release|Any CPU
	EndGlobalSection
	GlobalSection(ProjectConfigurationPlatforms) = postSolution
		{943D3DEE-9E44-41AE-866C-0808691B5066}.Debug|Any CPU.ActiveCfg = Debug|Any CPU
		{943D3DEE-9E44-41AE-866C-0808691B5066}.Debug|Any CPU.Build.0 = Debug|Any CPU
		{943D3DEE-9E44-41AE-866C-0808691B5066}.Release|Any CPU.ActiveCfg = Release|Any CPU
		{943D3DEE-9E44-41AE-866C-0808691B5066}.Release|Any CPU.Build.0 = Release|Any CPU
	EndGlobalSection
	GlobalSection(SolutionProperties) = preSolution
		HideSolutionNode = FALSE
	EndGlobalSection
	GlobalSection(ExtensibilityGlobals) = postSolution
		SolutionGuid = {4E88F096-49BC-4B2E-AB79-A07986C15D0F}
	EndGlobalSection
EndGlobal
