
Microsoft Visual Studio Solution File, Format Version 12.00
# Visual Studio Version 17
VisualStudioVersion = 17.14.36717.8 d17.14
MinimumVisualStudioVersion = 10.0.40219.1
Project("{FAE04EC0-301F-11D3-BF4B-00C04F79EFBC}") = "4-dars", "4-dars.csproj", "{D7C3E47F-F445-4279-940D-EF24C61D0FB1}"
EndProject
Global
	GlobalSection(SolutionConfigurationPlatforms) = preSolution
		Debug|Any CPU = Debug|Any CPU
		Release|Any CPU = Release|Any CPU
	EndGlobalSection
	GlobalSection(ProjectConfigurationPlatforms) = postSolution
		{D7C3E47F-F445-4279-940D-EF24C61D0FB1}.Debug|Any CPU.ActiveCfg = Debug|Any CPU
		{D7C3E47F-F445-4279-940D-EF24C61D0FB1}.Debug|Any CPU.Build.0 = Debug|Any CPU
		{D7C3E47F-F445-4279-940D-EF24C61D0FB1}.Release|Any CPU.ActiveCfg = Release|Any CPU
		{D7C3E47F-F445-4279-940D-EF24C61D0FB1}.Release|Any CPU.Build.0 = Release|Any CPU
	EndGlobalSection
	GlobalSection(SolutionProperties) = preSolution
		HideSolutionNode = FALSE
	EndGlobalSection
	GlobalSection(ExtensibilityGlobals) = postSolution
		SolutionGuid = {99A5806A-99AA-47C3-B691-24B8CBFA9CD1}
	EndGlobalSection
EndGlobal
