
Microsoft Visual Studio Solution File, Format Version 12.00
# Visual Studio Version 17
VisualStudioVersion = 17.14.36717.8 d17.14
MinimumVisualStudioVersion = 10.0.40219.1
Project("{FAE04EC0-301F-11D3-BF4B-00C04F79EFBC}") = "Вфкы2", "Вфкы2.csproj", "{E02CD333-7968-49C6-91C5-B525C9B8EF62}"
EndProject
Global
	GlobalSection(SolutionConfigurationPlatforms) = preSolution
		Debug|Any CPU = Debug|Any CPU
		Release|Any CPU = Release|Any CPU
	EndGlobalSection
	GlobalSection(ProjectConfigurationPlatforms) = postSolution
		{E02CD333-7968-49C6-91C5-B525C9B8EF62}.Debug|Any CPU.ActiveCfg = Debug|Any CPU
		{E02CD333-7968-49C6-91C5-B525C9B8EF62}.Debug|Any CPU.Build.0 = Debug|Any CPU
		{E02CD333-7968-49C6-91C5-B525C9B8EF62}.Release|Any CPU.ActiveCfg = Release|Any CPU
		{E02CD333-7968-49C6-91C5-B525C9B8EF62}.Release|Any CPU.Build.0 = Release|Any CPU
	EndGlobalSection
	GlobalSection(SolutionProperties) = preSolution
		HideSolutionNode = FALSE
	EndGlobalSection
	GlobalSection(ExtensibilityGlobals) = postSolution
		SolutionGuid = {0946E23C-A9A1-4326-A4F9-20541F52C113}
	EndGlobalSection
EndGlobal
